// !$*UTF8*$!
{
	archiveVersion = 1;
	classes = {
	};
	objectVersion = 56;
	objects = {

/* Begin PBXBuildFile section */
		7F13ADFB2C5AD1DD0003C959 /* GistListViewModelTests.swift in Sources */ = {isa = PBXBuildFile; fileRef = 7F13ADFA2C5AD1DD0003C959 /* GistListViewModelTests.swift */; };
		7F13ADFD2C5AE84F0003C959 /* GistDetailViewModel.swift in Sources */ = {isa = PBXBuildFile; fileRef = 7F13ADFC2C5AE84F0003C959 /* GistDetailViewModel.swift */; };
		7F13AE062C5AF4E30003C959 /* GistDetailViewModelTests.swift in Sources */ = {isa = PBXBuildFile; fileRef = 7F13AE052C5AF4E30003C959 /* GistDetailViewModelTests.swift */; };
		7F13AE082C5C1B8B0003C959 /* GistListViewControllerTests.swift in Sources */ = {isa = PBXBuildFile; fileRef = 7F13AE072C5C1B8B0003C959 /* GistListViewControllerTests.swift */; };
		7F1792642C5C3FE5001D48D4 /* Kingfisher in Frameworks */ = {isa = PBXBuildFile; productRef = 7F1792632C5C3FE5001D48D4 /* Kingfisher */; };
		7F30FB1E2C57D601008CBA26 /* AppDelegate.swift in Sources */ = {isa = PBXBuildFile; fileRef = 7F30FB1D2C57D601008CBA26 /* AppDelegate.swift */; };
		7F30FB202C57D601008CBA26 /* SceneDelegate.swift in Sources */ = {isa = PBXBuildFile; fileRef = 7F30FB1F2C57D601008CBA26 /* SceneDelegate.swift */; };
		7F30FB222C57D601008CBA26 /* GistListViewController.swift in Sources */ = {isa = PBXBuildFile; fileRef = 7F30FB212C57D601008CBA26 /* GistListViewController.swift */; };
		7F30FB272C57D604008CBA26 /* Assets.xcassets in Resources */ = {isa = PBXBuildFile; fileRef = 7F30FB262C57D604008CBA26 /* Assets.xcassets */; };
		7F30FB2A2C57D604008CBA26 /* LaunchScreen.storyboard in Resources */ = {isa = PBXBuildFile; fileRef = 7F30FB282C57D604008CBA26 /* LaunchScreen.storyboard */; };
		7F30FB542C5808F7008CBA26 /* APIClientProtocol.swift in Sources */ = {isa = PBXBuildFile; fileRef = 7F30FB532C5808F7008CBA26 /* APIClientProtocol.swift */; };
		7F30FB562C580919008CBA26 /* Endpoint.swift in Sources */ = {isa = PBXBuildFile; fileRef = 7F30FB552C580919008CBA26 /* Endpoint.swift */; };
		7F30FB582C58092E008CBA26 /* NetworkError.swift in Sources */ = {isa = PBXBuildFile; fileRef = 7F30FB572C58092E008CBA26 /* NetworkError.swift */; };
		7F30FB5B2C580F65008CBA26 /* GistListService.swift in Sources */ = {isa = PBXBuildFile; fileRef = 7F30FB5A2C580F65008CBA26 /* GistListService.swift */; };
		7F30FB5D2C580F73008CBA26 /* GistDetailService.swift in Sources */ = {isa = PBXBuildFile; fileRef = 7F30FB5C2C580F73008CBA26 /* GistDetailService.swift */; };
		7F30FB602C580FE8008CBA26 /* GistModel.swift in Sources */ = {isa = PBXBuildFile; fileRef = 7F30FB5F2C580FE8008CBA26 /* GistModel.swift */; };
		7F30FB622C5811D7008CBA26 /* ViewConfiguration.swift in Sources */ = {isa = PBXBuildFile; fileRef = 7F30FB612C5811D7008CBA26 /* ViewConfiguration.swift */; };
		7F30FB642C5816BF008CBA26 /* GistListViewModel.swift in Sources */ = {isa = PBXBuildFile; fileRef = 7F30FB632C5816BF008CBA26 /* GistListViewModel.swift */; };
		7F66E7452C5AC10B00509459 /* LoadingStateManager.swift in Sources */ = {isa = PBXBuildFile; fileRef = 7F66E7442C5AC10B00509459 /* LoadingStateManager.swift */; };
		7F66E7472C5AC12300509459 /* ErrorHandler.swift in Sources */ = {isa = PBXBuildFile; fileRef = 7F66E7462C5AC12300509459 /* ErrorHandler.swift */; };
		7FA843BA2C591E79002D240A /* GistDetailViewController.swift in Sources */ = {isa = PBXBuildFile; fileRef = 7FA843B92C591E79002D240A /* GistDetailViewController.swift */; };
		7FC07E542C589CB300958DBE /* GistTableViewCell.swift in Sources */ = {isa = PBXBuildFile; fileRef = 7FC07E532C589CB300958DBE /* GistTableViewCell.swift */; };
/* End PBXBuildFile section */

/* Begin PBXContainerItemProxy section */
		7F30FB312C57D604008CBA26 /* PBXContainerItemProxy */ = {
			isa = PBXContainerItemProxy;
			containerPortal = 7F30FB122C57D601008CBA26 /* Project object */;
			proxyType = 1;
			remoteGlobalIDString = 7F30FB192C57D601008CBA26;
			remoteInfo = GistExplorer;
		};
		7F30FB3B2C57D604008CBA26 /* PBXContainerItemProxy */ = {
			isa = PBXContainerItemProxy;
			containerPortal = 7F30FB122C57D601008CBA26 /* Project object */;
			proxyType = 1;
			remoteGlobalIDString = 7F30FB192C57D601008CBA26;
			remoteInfo = GistExplorer;
		};
/* End PBXContainerItemProxy section */

/* Begin PBXFileReference section */
		7F13ADFA2C5AD1DD0003C959 /* GistListViewModelTests.swift */ = {isa = PBXFileReference; lastKnownFileType = sourcecode.swift; path = GistListViewModelTests.swift; sourceTree = "<group>"; };
		7F13ADFC2C5AE84F0003C959 /* GistDetailViewModel.swift */ = {isa = PBXFileReference; lastKnownFileType = sourcecode.swift; path = GistDetailViewModel.swift; sourceTree = "<group>"; };
		7F13AE052C5AF4E30003C959 /* GistDetailViewModelTests.swift */ = {isa = PBXFileReference; lastKnownFileType = sourcecode.swift; path = GistDetailViewModelTests.swift; sourceTree = "<group>"; };
		7F13AE072C5C1B8B0003C959 /* GistListViewControllerTests.swift */ = {isa = PBXFileReference; lastKnownFileType = sourcecode.swift; path = GistListViewControllerTests.swift; sourceTree = "<group>"; };
		7F30FB1A2C57D601008CBA26 /* GistExplorer.app */ = {isa = PBXFileReference; explicitFileType = wrapper.application; includeInIndex = 0; path = GistExplorer.app; sourceTree = BUILT_PRODUCTS_DIR; };
		7F30FB1D2C57D601008CBA26 /* AppDelegate.swift */ = {isa = PBXFileReference; lastKnownFileType = sourcecode.swift; path = AppDelegate.swift; sourceTree = "<group>"; };
		7F30FB1F2C57D601008CBA26 /* SceneDelegate.swift */ = {isa = PBXFileReference; lastKnownFileType = sourcecode.swift; path = SceneDelegate.swift; sourceTree = "<group>"; };
		7F30FB212C57D601008CBA26 /* GistListViewController.swift */ = {isa = PBXFileReference; lastKnownFileType = sourcecode.swift; path = GistListViewController.swift; sourceTree = "<group>"; };
		7F30FB262C57D604008CBA26 /* Assets.xcassets */ = {isa = PBXFileReference; lastKnownFileType = folder.assetcatalog; path = Assets.xcassets; sourceTree = "<group>"; };
		7F30FB292C57D604008CBA26 /* Base */ = {isa = PBXFileReference; lastKnownFileType = file.storyboard; name = Base; path = Base.lproj/LaunchScreen.storyboard; sourceTree = "<group>"; };
		7F30FB2B2C57D604008CBA26 /* Info.plist */ = {isa = PBXFileReference; lastKnownFileType = text.plist.xml; path = Info.plist; sourceTree = "<group>"; };
		7F30FB302C57D604008CBA26 /* GistExplorerTests.xctest */ = {isa = PBXFileReference; explicitFileType = wrapper.cfbundle; includeInIndex = 0; path = GistExplorerTests.xctest; sourceTree = BUILT_PRODUCTS_DIR; };
		7F30FB3A2C57D604008CBA26 /* GistExplorerUITests.xctest */ = {isa = PBXFileReference; explicitFileType = wrapper.cfbundle; includeInIndex = 0; path = GistExplorerUITests.xctest; sourceTree = BUILT_PRODUCTS_DIR; };
		7F30FB532C5808F7008CBA26 /* APIClientProtocol.swift */ = {isa = PBXFileReference; lastKnownFileType = sourcecode.swift; path = APIClientProtocol.swift; sourceTree = "<group>"; };
		7F30FB552C580919008CBA26 /* Endpoint.swift */ = {isa = PBXFileReference; lastKnownFileType = sourcecode.swift; path = Endpoint.swift; sourceTree = "<group>"; };
		7F30FB572C58092E008CBA26 /* NetworkError.swift */ = {isa = PBXFileReference; lastKnownFileType = sourcecode.swift; path = NetworkError.swift; sourceTree = "<group>"; };
		7F30FB5A2C580F65008CBA26 /* GistListService.swift */ = {isa = PBXFileReference; lastKnownFileType = sourcecode.swift; path = GistListService.swift; sourceTree = "<group>"; };
		7F30FB5C2C580F73008CBA26 /* GistDetailService.swift */ = {isa = PBXFileReference; lastKnownFileType = sourcecode.swift; path = GistDetailService.swift; sourceTree = "<group>"; };
		7F30FB5F2C580FE8008CBA26 /* GistModel.swift */ = {isa = PBXFileReference; lastKnownFileType = sourcecode.swift; path = GistModel.swift; sourceTree = "<group>"; };
		7F30FB612C5811D7008CBA26 /* ViewConfiguration.swift */ = {isa = PBXFileReference; lastKnownFileType = sourcecode.swift; path = ViewConfiguration.swift; sourceTree = "<group>"; };
		7F30FB632C5816BF008CBA26 /* GistListViewModel.swift */ = {isa = PBXFileReference; lastKnownFileType = sourcecode.swift; path = GistListViewModel.swift; sourceTree = "<group>"; };
		7F66E7442C5AC10B00509459 /* LoadingStateManager.swift */ = {isa = PBXFileReference; lastKnownFileType = sourcecode.swift; path = LoadingStateManager.swift; sourceTree = "<group>"; };
		7F66E7462C5AC12300509459 /* ErrorHandler.swift */ = {isa = PBXFileReference; lastKnownFileType = sourcecode.swift; path = ErrorHandler.swift; sourceTree = "<group>"; };
		7FA843B92C591E79002D240A /* GistDetailViewController.swift */ = {isa = PBXFileReference; lastKnownFileType = sourcecode.swift; path = GistDetailViewController.swift; sourceTree = "<group>"; };
		7FC07E532C589CB300958DBE /* GistTableViewCell.swift */ = {isa = PBXFileReference; lastKnownFileType = sourcecode.swift; path = GistTableViewCell.swift; sourceTree = "<group>"; };
/* End PBXFileReference section */

/* Begin PBXFrameworksBuildPhase section */
		7F30FB172C57D601008CBA26 /* Frameworks */ = {
			isa = PBXFrameworksBuildPhase;
			buildActionMask = 2147483647;
			files = (
				7F1792642C5C3FE5001D48D4 /* Kingfisher in Frameworks */,
			);
			runOnlyForDeploymentPostprocessing = 0;
		};
		7F30FB2D2C57D604008CBA26 /* Frameworks */ = {
			isa = PBXFrameworksBuildPhase;
			buildActionMask = 2147483647;
			files = (
			);
			runOnlyForDeploymentPostprocessing = 0;
		};
		7F30FB372C57D604008CBA26 /* Frameworks */ = {
			isa = PBXFrameworksBuildPhase;
			buildActionMask = 2147483647;
			files = (
			);
			runOnlyForDeploymentPostprocessing = 0;
		};
/* End PBXFrameworksBuildPhase section */

/* Begin PBXGroup section */
		7F13ADFE2C5AF2EF0003C959 /* GistList */ = {
			isa = PBXGroup;
			children = (
				7F30FB4F2C58067E008CBA26 /* View */,
				7F30FB4D2C580665008CBA26 /* Model */,
				7F30FB4E2C580670008CBA26 /* ViewModel */,
			);
			path = GistList;
			sourceTree = "<group>";
		};
		7F13ADFF2C5AF2FA0003C959 /* GistDetail */ = {
			isa = PBXGroup;
			children = (
				7F13AE022C5AF32D0003C959 /* View */,
				7F13AE002C5AF31C0003C959 /* Models */,
				7F13AE012C5AF3230003C959 /* ViewModel */,
			);
			path = GistDetail;
			sourceTree = "<group>";
		};
		7F13AE002C5AF31C0003C959 /* Models */ = {
			isa = PBXGroup;
			children = (
			);
			path = Models;
			sourceTree = "<group>";
		};
		7F13AE012C5AF3230003C959 /* ViewModel */ = {
			isa = PBXGroup;
			children = (
				7F13ADFC2C5AE84F0003C959 /* GistDetailViewModel.swift */,
			);
			path = ViewModel;
			sourceTree = "<group>";
		};
		7F13AE022C5AF32D0003C959 /* View */ = {
			isa = PBXGroup;
			children = (
				7FA843B92C591E79002D240A /* GistDetailViewController.swift */,
				7F13AE042C5AF3CA0003C959 /* Cells */,
			);
			path = View;
			sourceTree = "<group>";
		};
		7F13AE032C5AF3BB0003C959 /* Cells */ = {
			isa = PBXGroup;
			children = (
				7FC07E532C589CB300958DBE /* GistTableViewCell.swift */,
			);
			path = Cells;
			sourceTree = "<group>";
		};
		7F13AE042C5AF3CA0003C959 /* Cells */ = {
			isa = PBXGroup;
			children = (
			);
			path = Cells;
			sourceTree = "<group>";
		};
		7F30FB112C57D601008CBA26 = {
			isa = PBXGroup;
			children = (
				7F30FB1C2C57D601008CBA26 /* GistExplorer */,
				7F30FB332C57D604008CBA26 /* GistExplorerTests */,
				7F30FB3D2C57D604008CBA26 /* GistExplorerUITests */,
				7F30FB1B2C57D601008CBA26 /* Products */,
			);
			sourceTree = "<group>";
		};
		7F30FB1B2C57D601008CBA26 /* Products */ = {
			isa = PBXGroup;
			children = (
				7F30FB1A2C57D601008CBA26 /* GistExplorer.app */,
				7F30FB302C57D604008CBA26 /* GistExplorerTests.xctest */,
				7F30FB3A2C57D604008CBA26 /* GistExplorerUITests.xctest */,
			);
			name = Products;
			sourceTree = "<group>";
		};
		7F30FB1C2C57D601008CBA26 /* GistExplorer */ = {
			isa = PBXGroup;
			children = (
				7F30FB1D2C57D601008CBA26 /* AppDelegate.swift */,
				7F30FB1F2C57D601008CBA26 /* SceneDelegate.swift */,
				7F13ADFE2C5AF2EF0003C959 /* GistList */,
				7F13ADFF2C5AF2FA0003C959 /* GistDetail */,
				7F30FB592C580F31008CBA26 /* Network */,
				7F30FB5E2C580FB2008CBA26 /* API */,
				7F30FB522C5806A9008CBA26 /* Extensions */,
				7F30FB512C580699008CBA26 /* Supporting Files */,
				7F30FB502C58068C008CBA26 /* Resources */,
				7F30FB2B2C57D604008CBA26 /* Info.plist */,
			);
			path = GistExplorer;
			sourceTree = "<group>";
		};
		7F30FB332C57D604008CBA26 /* GistExplorerTests */ = {
			isa = PBXGroup;
			children = (
				7F13ADFA2C5AD1DD0003C959 /* GistListViewModelTests.swift */,
				7F13AE052C5AF4E30003C959 /* GistDetailViewModelTests.swift */,
			);
			path = GistExplorerTests;
			sourceTree = "<group>";
		};
		7F30FB3D2C57D604008CBA26 /* GistExplorerUITests */ = {
			isa = PBXGroup;
			children = (
				7F13AE072C5C1B8B0003C959 /* GistListViewControllerTests.swift */,
			);
			path = GistExplorerUITests;
			sourceTree = "<group>";
		};
		7F30FB4D2C580665008CBA26 /* Model */ = {
			isa = PBXGroup;
			children = (
				7F30FB5F2C580FE8008CBA26 /* GistModel.swift */,
			);
			path = Model;
			sourceTree = "<group>";
		};
		7F30FB4E2C580670008CBA26 /* ViewModel */ = {
			isa = PBXGroup;
			children = (
				7F30FB632C5816BF008CBA26 /* GistListViewModel.swift */,
			);
			path = ViewModel;
			sourceTree = "<group>";
		};
		7F30FB4F2C58067E008CBA26 /* View */ = {
			isa = PBXGroup;
			children = (
				7F30FB212C57D601008CBA26 /* GistListViewController.swift */,
				7F13AE032C5AF3BB0003C959 /* Cells */,
			);
			path = View;
			sourceTree = "<group>";
		};
		7F30FB502C58068C008CBA26 /* Resources */ = {
			isa = PBXGroup;
			children = (
				7F30FB282C57D604008CBA26 /* LaunchScreen.storyboard */,
				7F30FB262C57D604008CBA26 /* Assets.xcassets */,
			);
			path = Resources;
			sourceTree = "<group>";
		};
		7F30FB512C580699008CBA26 /* Supporting Files */ = {
			isa = PBXGroup;
			children = (
				7F30FB612C5811D7008CBA26 /* ViewConfiguration.swift */,
				7F66E7442C5AC10B00509459 /* LoadingStateManager.swift */,
				7F66E7462C5AC12300509459 /* ErrorHandler.swift */,
			);
			path = "Supporting Files";
			sourceTree = "<group>";
		};
		7F30FB522C5806A9008CBA26 /* Extensions */ = {
			isa = PBXGroup;
			children = (
			);
			path = Extensions;
			sourceTree = "<group>";
		};
		7F30FB592C580F31008CBA26 /* Network */ = {
			isa = PBXGroup;
			children = (
				7F30FB5A2C580F65008CBA26 /* GistListService.swift */,
				7F30FB5C2C580F73008CBA26 /* GistDetailService.swift */,
			);
			path = Network;
			sourceTree = "<group>";
		};
		7F30FB5E2C580FB2008CBA26 /* API */ = {
			isa = PBXGroup;
			children = (
				7F30FB532C5808F7008CBA26 /* APIClientProtocol.swift */,
				7F30FB552C580919008CBA26 /* Endpoint.swift */,
				7F30FB572C58092E008CBA26 /* NetworkError.swift */,
			);
			path = API;
			sourceTree = "<group>";
		};
/* End PBXGroup section */

/* Begin PBXNativeTarget section */
		7F30FB192C57D601008CBA26 /* GistExplorer */ = {
			isa = PBXNativeTarget;
			buildConfigurationList = 7F30FB442C57D604008CBA26 /* Build configuration list for PBXNativeTarget "GistExplorer" */;
			buildPhases = (
				7F30FB162C57D601008CBA26 /* Sources */,
				7F30FB172C57D601008CBA26 /* Frameworks */,
				7F30FB182C57D601008CBA26 /* Resources */,
			);
			buildRules = (
			);
			dependencies = (
			);
			name = GistExplorer;
			packageProductDependencies = (
				7F1792632C5C3FE5001D48D4 /* Kingfisher */,
			);
			productName = GistExplorer;
			productReference = 7F30FB1A2C57D601008CBA26 /* GistExplorer.app */;
			productType = "com.apple.product-type.application";
		};
		7F30FB2F2C57D604008CBA26 /* GistExplorerTests */ = {
			isa = PBXNativeTarget;
			buildConfigurationList = 7F30FB472C57D604008CBA26 /* Build configuration list for PBXNativeTarget "GistExplorerTests" */;
			buildPhases = (
				7F30FB2C2C57D604008CBA26 /* Sources */,
				7F30FB2D2C57D604008CBA26 /* Frameworks */,
				7F30FB2E2C57D604008CBA26 /* Resources */,
			);
			buildRules = (
			);
			dependencies = (
				7F30FB322C57D604008CBA26 /* PBXTargetDependency */,
			);
			name = GistExplorerTests;
			productName = GistExplorerTests;
			productReference = 7F30FB302C57D604008CBA26 /* GistExplorerTests.xctest */;
			productType = "com.apple.product-type.bundle.unit-test";
		};
		7F30FB392C57D604008CBA26 /* GistExplorerUITests */ = {
			isa = PBXNativeTarget;
			buildConfigurationList = 7F30FB4A2C57D604008CBA26 /* Build configuration list for PBXNativeTarget "GistExplorerUITests" */;
			buildPhases = (
				7F30FB362C57D604008CBA26 /* Sources */,
				7F30FB372C57D604008CBA26 /* Frameworks */,
				7F30FB382C57D604008CBA26 /* Resources */,
			);
			buildRules = (
			);
			dependencies = (
				7F30FB3C2C57D604008CBA26 /* PBXTargetDependency */,
			);
			name = GistExplorerUITests;
			productName = GistExplorerUITests;
			productReference = 7F30FB3A2C57D604008CBA26 /* GistExplorerUITests.xctest */;
			productType = "com.apple.product-type.bundle.ui-testing";
		};
/* End PBXNativeTarget section */

/* Begin PBXProject section */
		7F30FB122C57D601008CBA26 /* Project object */ = {
			isa = PBXProject;
			attributes = {
				BuildIndependentTargetsInParallel = 1;
				LastSwiftUpdateCheck = 1500;
				LastUpgradeCheck = 1500;
				TargetAttributes = {
					7F30FB192C57D601008CBA26 = {
						CreatedOnToolsVersion = 15.0;
					};
					7F30FB2F2C57D604008CBA26 = {
						CreatedOnToolsVersion = 15.0;
						TestTargetID = 7F30FB192C57D601008CBA26;
					};
					7F30FB392C57D604008CBA26 = {
						CreatedOnToolsVersion = 15.0;
						TestTargetID = 7F30FB192C57D601008CBA26;
					};
				};
			};
			buildConfigurationList = 7F30FB152C57D601008CBA26 /* Build configuration list for PBXProject "GistExplorer" */;
			compatibilityVersion = "Xcode 14.0";
			developmentRegion = en;
			hasScannedForEncodings = 0;
			knownRegions = (
				en,
				Base,
			);
			mainGroup = 7F30FB112C57D601008CBA26;
			packageReferences = (
				7F1792622C5C3FE5001D48D4 /* XCRemoteSwiftPackageReference "Kingfisher" */,
			);
			productRefGroup = 7F30FB1B2C57D601008CBA26 /* Products */;
			projectDirPath = "";
			projectRoot = "";
			targets = (
				7F30FB192C57D601008CBA26 /* GistExplorer */,
				7F30FB2F2C57D604008CBA26 /* GistExplorerTests */,
				7F30FB392C57D604008CBA26 /* GistExplorerUITests */,
			);
		};
/* End PBXProject section */

/* Begin PBXResourcesBuildPhase section */
		7F30FB182C57D601008CBA26 /* Resources */ = {
			isa = PBXResourcesBuildPhase;
			buildActionMask = 2147483647;
			files = (
				7F30FB2A2C57D604008CBA26 /* LaunchScreen.storyboard in Resources */,
				7F30FB272C57D604008CBA26 /* Assets.xcassets in Resources */,
			);
			runOnlyForDeploymentPostprocessing = 0;
		};
		7F30FB2E2C57D604008CBA26 /* Resources */ = {
			isa = PBXResourcesBuildPhase;
			buildActionMask = 2147483647;
			files = (
			);
			runOnlyForDeploymentPostprocessing = 0;
		};
		7F30FB382C57D604008CBA26 /* Resources */ = {
			isa = PBXResourcesBuildPhase;
			buildActionMask = 2147483647;
			files = (
			);
			runOnlyForDeploymentPostprocessing = 0;
		};
/* End PBXResourcesBuildPhase section */

/* Begin PBXSourcesBuildPhase section */
		7F30FB162C57D601008CBA26 /* Sources */ = {
			isa = PBXSourcesBuildPhase;
			buildActionMask = 2147483647;
			files = (
				7FA843BA2C591E79002D240A /* GistDetailViewController.swift in Sources */,
				7F30FB602C580FE8008CBA26 /* GistModel.swift in Sources */,
				7F30FB222C57D601008CBA26 /* GistListViewController.swift in Sources */,
				7F30FB542C5808F7008CBA26 /* APIClientProtocol.swift in Sources */,
				7F30FB642C5816BF008CBA26 /* GistListViewModel.swift in Sources */,
				7F30FB622C5811D7008CBA26 /* ViewConfiguration.swift in Sources */,
				7F30FB5B2C580F65008CBA26 /* GistListService.swift in Sources */,
				7F30FB1E2C57D601008CBA26 /* AppDelegate.swift in Sources */,
				7F30FB582C58092E008CBA26 /* NetworkError.swift in Sources */,
				7F30FB5D2C580F73008CBA26 /* GistDetailService.swift in Sources */,
				7F13ADFD2C5AE84F0003C959 /* GistDetailViewModel.swift in Sources */,
				7F66E7452C5AC10B00509459 /* LoadingStateManager.swift in Sources */,
				7FC07E542C589CB300958DBE /* GistTableViewCell.swift in Sources */,
				7F66E7472C5AC12300509459 /* ErrorHandler.swift in Sources */,
				7F30FB202C57D601008CBA26 /* SceneDelegate.swift in Sources */,
				7F30FB562C580919008CBA26 /* Endpoint.swift in Sources */,
			);
			runOnlyForDeploymentPostprocessing = 0;
		};
		7F30FB2C2C57D604008CBA26 /* Sources */ = {
			isa = PBXSourcesBuildPhase;
			buildActionMask = 2147483647;
			files = (
				7F13AE062C5AF4E30003C959 /* GistDetailViewModelTests.swift in Sources */,
				7F13ADFB2C5AD1DD0003C959 /* GistListViewModelTests.swift in Sources */,
			);
			runOnlyForDeploymentPostprocessing = 0;
		};
		7F30FB362C57D604008CBA26 /* Sources */ = {
			isa = PBXSourcesBuildPhase;
			buildActionMask = 2147483647;
			files = (
				7F13AE082C5C1B8B0003C959 /* GistListViewControllerTests.swift in Sources */,
			);
			runOnlyForDeploymentPostprocessing = 0;
		};
/* End PBXSourcesBuildPhase section */

/* Begin PBXTargetDependency section */
		7F30FB322C57D604008CBA26 /* PBXTargetDependency */ = {
			isa = PBXTargetDependency;
			target = 7F30FB192C57D601008CBA26 /* GistExplorer */;
			targetProxy = 7F30FB312C57D604008CBA26 /* PBXContainerItemProxy */;
		};
		7F30FB3C2C57D604008CBA26 /* PBXTargetDependency */ = {
			isa = PBXTargetDependency;
			target = 7F30FB192C57D601008CBA26 /* GistExplorer */;
			targetProxy = 7F30FB3B2C57D604008CBA26 /* PBXContainerItemProxy */;
		};
/* End PBXTargetDependency section */

/* Begin PBXVariantGroup section */
		7F30FB282C57D604008CBA26 /* LaunchScreen.storyboard */ = {
			isa = PBXVariantGroup;
			children = (
				7F30FB292C57D604008CBA26 /* Base */,
			);
			name = LaunchScreen.storyboard;
			sourceTree = "<group>";
		};
/* End PBXVariantGroup section */

/* Begin XCBuildConfiguration section */
		7F30FB422C57D604008CBA26 /* Debug */ = {
			isa = XCBuildConfiguration;
			buildSettings = {
				ALWAYS_SEARCH_USER_PATHS = NO;
				ASSETCATALOG_COMPILER_GENERATE_SWIFT_ASSET_SYMBOL_EXTENSIONS = YES;
				CLANG_ANALYZER_NONNULL = YES;
				CLANG_ANALYZER_NUMBER_OBJECT_CONVERSION = YES_AGGRESSIVE;
				CLANG_CXX_LANGUAGE_STANDARD = "gnu++20";
				CLANG_ENABLE_MODULES = YES;
				CLANG_ENABLE_OBJC_ARC = YES;
				CLANG_ENABLE_OBJC_WEAK = YES;
				CLANG_WARN_BLOCK_CAPTURE_AUTORELEASING = YES;
				CLANG_WARN_BOOL_CONVERSION = YES;
				CLANG_WARN_COMMA = YES;
				CLANG_WARN_CONSTANT_CONVERSION = YES;
				CLANG_WARN_DEPRECATED_OBJC_IMPLEMENTATIONS = YES;
				CLANG_WARN_DIRECT_OBJC_ISA_USAGE = YES_ERROR;
				CLANG_WARN_DOCUMENTATION_COMMENTS = YES;
				CLANG_WARN_EMPTY_BODY = YES;
				CLANG_WARN_ENUM_CONVERSION = YES;
				CLANG_WARN_INFINITE_RECURSION = YES;
				CLANG_WARN_INT_CONVERSION = YES;
				CLANG_WARN_NON_LITERAL_NULL_CONVERSION = YES;
				CLANG_WARN_OBJC_IMPLICIT_RETAIN_SELF = YES;
				CLANG_WARN_OBJC_LITERAL_CONVERSION = YES;
				CLANG_WARN_OBJC_ROOT_CLASS = YES_ERROR;
				CLANG_WARN_QUOTED_INCLUDE_IN_FRAMEWORK_HEADER = YES;
				CLANG_WARN_RANGE_LOOP_ANALYSIS = YES;
				CLANG_WARN_STRICT_PROTOTYPES = YES;
				CLANG_WARN_SUSPICIOUS_MOVE = YES;
				CLANG_WARN_UNGUARDED_AVAILABILITY = YES_AGGRESSIVE;
				CLANG_WARN_UNREACHABLE_CODE = YES;
				CLANG_WARN__DUPLICATE_METHOD_MATCH = YES;
				COPY_PHASE_STRIP = NO;
				DEBUG_INFORMATION_FORMAT = dwarf;
				ENABLE_STRICT_OBJC_MSGSEND = YES;
				ENABLE_TESTABILITY = YES;
				ENABLE_USER_SCRIPT_SANDBOXING = YES;
				GCC_C_LANGUAGE_STANDARD = gnu17;
				GCC_DYNAMIC_NO_PIC = NO;
				GCC_NO_COMMON_BLOCKS = YES;
				GCC_OPTIMIZATION_LEVEL = 0;
				GCC_PREPROCESSOR_DEFINITIONS = (
					"DEBUG=1",
					"$(inherited)",
				);
				GCC_WARN_64_TO_32_BIT_CONVERSION = YES;
				GCC_WARN_ABOUT_RETURN_TYPE = YES_ERROR;
				GCC_WARN_UNDECLARED_SELECTOR = YES;
				GCC_WARN_UNINITIALIZED_AUTOS = YES_AGGRESSIVE;
				GCC_WARN_UNUSED_FUNCTION = YES;
				GCC_WARN_UNUSED_VARIABLE = YES;
				IPHONEOS_DEPLOYMENT_TARGET = 17.0;
				LOCALIZATION_PREFERS_STRING_CATALOGS = YES;
				MTL_ENABLE_DEBUG_INFO = INCLUDE_SOURCE;
				MTL_FAST_MATH = YES;
				ONLY_ACTIVE_ARCH = YES;
				SDKROOT = iphoneos;
				SWIFT_ACTIVE_COMPILATION_CONDITIONS = "DEBUG $(inherited)";
				SWIFT_OPTIMIZATION_LEVEL = "-Onone";
			};
			name = Debug;
		};
		7F30FB432C57D604008CBA26 /* Release */ = {
			isa = XCBuildConfiguration;
			buildSettings = {
				ALWAYS_SEARCH_USER_PATHS = NO;
				ASSETCATALOG_COMPILER_GENERATE_SWIFT_ASSET_SYMBOL_EXTENSIONS = YES;
				CLANG_ANALYZER_NONNULL = YES;
				CLANG_ANALYZER_NUMBER_OBJECT_CONVERSION = YES_AGGRESSIVE;
				CLANG_CXX_LANGUAGE_STANDARD = "gnu++20";
				CLANG_ENABLE_MODULES = YES;
				CLANG_ENABLE_OBJC_ARC = YES;
				CLANG_ENABLE_OBJC_WEAK = YES;
				CLANG_WARN_BLOCK_CAPTURE_AUTORELEASING = YES;
				CLANG_WARN_BOOL_CONVERSION = YES;
				CLANG_WARN_COMMA = YES;
				CLANG_WARN_CONSTANT_CONVERSION = YES;
				CLANG_WARN_DEPRECATED_OBJC_IMPLEMENTATIONS = YES;
				CLANG_WARN_DIRECT_OBJC_ISA_USAGE = YES_ERROR;
				CLANG_WARN_DOCUMENTATION_COMMENTS = YES;
				CLANG_WARN_EMPTY_BODY = YES;
				CLANG_WARN_ENUM_CONVERSION = YES;
				CLANG_WARN_INFINITE_RECURSION = YES;
				CLANG_WARN_INT_CONVERSION = YES;
				CLANG_WARN_NON_LITERAL_NULL_CONVERSION = YES;
				CLANG_WARN_OBJC_IMPLICIT_RETAIN_SELF = YES;
				CLANG_WARN_OBJC_LITERAL_CONVERSION = YES;
				CLANG_WARN_OBJC_ROOT_CLASS = YES_ERROR;
				CLANG_WARN_QUOTED_INCLUDE_IN_FRAMEWORK_HEADER = YES;
				CLANG_WARN_RANGE_LOOP_ANALYSIS = YES;
				CLANG_WARN_STRICT_PROTOTYPES = YES;
				CLANG_WARN_SUSPICIOUS_MOVE = YES;
				CLANG_WARN_UNGUARDED_AVAILABILITY = YES_AGGRESSIVE;
				CLANG_WARN_UNREACHABLE_CODE = YES;
				CLANG_WARN__DUPLICATE_METHOD_MATCH = YES;
				COPY_PHASE_STRIP = NO;
				DEBUG_INFORMATION_FORMAT = "dwarf-with-dsym";
				ENABLE_NS_ASSERTIONS = NO;
				ENABLE_STRICT_OBJC_MSGSEND = YES;
				ENABLE_USER_SCRIPT_SANDBOXING = YES;
				GCC_C_LANGUAGE_STANDARD = gnu17;
				GCC_NO_COMMON_BLOCKS = YES;
				GCC_WARN_64_TO_32_BIT_CONVERSION = YES;
				GCC_WARN_ABOUT_RETURN_TYPE = YES_ERROR;
				GCC_WARN_UNDECLARED_SELECTOR = YES;
				GCC_WARN_UNINITIALIZED_AUTOS = YES_AGGRESSIVE;
				GCC_WARN_UNUSED_FUNCTION = YES;
				GCC_WARN_UNUSED_VARIABLE = YES;
				IPHONEOS_DEPLOYMENT_TARGET = 17.0;
				LOCALIZATION_PREFERS_STRING_CATALOGS = YES;
				MTL_ENABLE_DEBUG_INFO = NO;
				MTL_FAST_MATH = YES;
				SDKROOT = iphoneos;
				SWIFT_COMPILATION_MODE = wholemodule;
				VALIDATE_PRODUCT = YES;
			};
			name = Release;
		};
		7F30FB452C57D604008CBA26 /* Debug */ = {
			isa = XCBuildConfiguration;
			buildSettings = {
				ASSETCATALOG_COMPILER_APPICON_NAME = AppIcon;
				ASSETCATALOG_COMPILER_GLOBAL_ACCENT_COLOR_NAME = AccentColor;
				CODE_SIGN_STYLE = Automatic;
				CURRENT_PROJECT_VERSION = 1;
				GENERATE_INFOPLIST_FILE = YES;
				INFOPLIST_FILE = GistExplorer/Info.plist;
				INFOPLIST_KEY_UIApplicationSupportsIndirectInputEvents = YES;
				INFOPLIST_KEY_UILaunchStoryboardName = LaunchScreen;
				INFOPLIST_KEY_UISupportedInterfaceOrientations_iPad = "UIInterfaceOrientationPortrait UIInterfaceOrientationPortraitUpsideDown UIInterfaceOrientationLandscapeLeft UIInterfaceOrientationLandscapeRight";
				INFOPLIST_KEY_UISupportedInterfaceOrientations_iPhone = "UIInterfaceOrientationPortrait UIInterfaceOrientationLandscapeLeft UIInterfaceOrientationLandscapeRight";
				LD_RUNPATH_SEARCH_PATHS = (
					"$(inherited)",
					"@executable_path/Frameworks",
				);
				MARKETING_VERSION = 1.0;
				PRODUCT_BUNDLE_IDENTIFIER = com.studies.GistExplorer;
				PRODUCT_NAME = "$(TARGET_NAME)";
				SWIFT_EMIT_LOC_STRINGS = YES;
				SWIFT_VERSION = 5.0;
				TARGETED_DEVICE_FAMILY = "1,2";
			};
			name = Debug;
		};
		7F30FB462C57D604008CBA26 /* Release */ = {
			isa = XCBuildConfiguration;
			buildSettings = {
				ASSETCATALOG_COMPILER_APPICON_NAME = AppIcon;
				ASSETCATALOG_COMPILER_GLOBAL_ACCENT_COLOR_NAME = AccentColor;
				CODE_SIGN_STYLE = Automatic;
				CURRENT_PROJECT_VERSION = 1;
				GENERATE_INFOPLIST_FILE = YES;
				INFOPLIST_FILE = GistExplorer/Info.plist;
				INFOPLIST_KEY_UIApplicationSupportsIndirectInputEvents = YES;
				INFOPLIST_KEY_UILaunchStoryboardName = LaunchScreen;
				INFOPLIST_KEY_UISupportedInterfaceOrientations_iPad = "UIInterfaceOrientationPortrait UIInterfaceOrientationPortraitUpsideDown UIInterfaceOrientationLandscapeLeft UIInterfaceOrientationLandscapeRight";
				INFOPLIST_KEY_UISupportedInterfaceOrientations_iPhone = "UIInterfaceOrientationPortrait UIInterfaceOrientationLandscapeLeft UIInterfaceOrientationLandscapeRight";
				LD_RUNPATH_SEARCH_PATHS = (
					"$(inherited)",
					"@executable_path/Frameworks",
				);
				MARKETING_VERSION = 1.0;
				PRODUCT_BUNDLE_IDENTIFIER = com.studies.GistExplorer;
				PRODUCT_NAME = "$(TARGET_NAME)";
				SWIFT_EMIT_LOC_STRINGS = YES;
				SWIFT_VERSION = 5.0;
				TARGETED_DEVICE_FAMILY = "1,2";
			};
			name = Release;
		};
		7F30FB482C57D604008CBA26 /* Debug */ = {
			isa = XCBuildConfiguration;
			buildSettings = {
				ALWAYS_EMBED_SWIFT_STANDARD_LIBRARIES = YES;
				BUNDLE_LOADER = "$(TEST_HOST)";
				CODE_SIGN_STYLE = Automatic;
				CURRENT_PROJECT_VERSION = 1;
				GENERATE_INFOPLIST_FILE = YES;
				IPHONEOS_DEPLOYMENT_TARGET = 17.0;
				MARKETING_VERSION = 1.0;
				PRODUCT_BUNDLE_IDENTIFIER = com.studies.GistExplorerTests;
				PRODUCT_NAME = "$(TARGET_NAME)";
				SWIFT_EMIT_LOC_STRINGS = NO;
				SWIFT_VERSION = 5.0;
				TARGETED_DEVICE_FAMILY = "1,2";
				TEST_HOST = "$(BUILT_PRODUCTS_DIR)/GistExplorer.app/$(BUNDLE_EXECUTABLE_FOLDER_PATH)/GistExplorer";
			};
			name = Debug;
		};
		7F30FB492C57D604008CBA26 /* Release */ = {
			isa = XCBuildConfiguration;
			buildSettings = {
				ALWAYS_EMBED_SWIFT_STANDARD_LIBRARIES = YES;
				BUNDLE_LOADER = "$(TEST_HOST)";
				CODE_SIGN_STYLE = Automatic;
				CURRENT_PROJECT_VERSION = 1;
				GENERATE_INFOPLIST_FILE = YES;
				IPHONEOS_DEPLOYMENT_TARGET = 17.0;
				MARKETING_VERSION = 1.0;
				PRODUCT_BUNDLE_IDENTIFIER = com.studies.GistExplorerTests;
				PRODUCT_NAME = "$(TARGET_NAME)";
				SWIFT_EMIT_LOC_STRINGS = NO;
				SWIFT_VERSION = 5.0;
				TARGETED_DEVICE_FAMILY = "1,2";
				TEST_HOST = "$(BUILT_PRODUCTS_DIR)/GistExplorer.app/$(BUNDLE_EXECUTABLE_FOLDER_PATH)/GistExplorer";
			};
			name = Release;
		};
		7F30FB4B2C57D604008CBA26 /* Debug */ = {
			isa = XCBuildConfiguration;
			buildSettings = {
				ALWAYS_EMBED_SWIFT_STANDARD_LIBRARIES = YES;
				CODE_SIGN_STYLE = Automatic;
				CURRENT_PROJECT_VERSION = 1;
				GENERATE_INFOPLIST_FILE = YES;
				MARKETING_VERSION = 1.0;
				PRODUCT_BUNDLE_IDENTIFIER = com.studies.GistExplorerUITests;
				PRODUCT_NAME = "$(TARGET_NAME)";
				SWIFT_EMIT_LOC_STRINGS = NO;
				SWIFT_VERSION = 5.0;
				TARGETED_DEVICE_FAMILY = "1,2";
				TEST_TARGET_NAME = GistExplorer;
			};
			name = Debug;
		};
		7F30FB4C2C57D604008CBA26 /* Release */ = {
			isa = XCBuildConfiguration;
			buildSettings = {
				ALWAYS_EMBED_SWIFT_STANDARD_LIBRARIES = YES;
				CODE_SIGN_STYLE = Automatic;
				CURRENT_PROJECT_VERSION = 1;
				GENERATE_INFOPLIST_FILE = YES;
				MARKETING_VERSION = 1.0;
				PRODUCT_BUNDLE_IDENTIFIER = com.studies.GistExplorerUITests;
				PRODUCT_NAME = "$(TARGET_NAME)";
				SWIFT_EMIT_LOC_STRINGS = NO;
				SWIFT_VERSION = 5.0;
				TARGETED_DEVICE_FAMILY = "1,2";
				TEST_TARGET_NAME = GistExplorer;
			};
			name = Release;
		};
/* End XCBuildConfiguration section */

/* Begin XCConfigurationList section */
		7F30FB152C57D601008CBA26 /* Build configuration list for PBXProject "GistExplorer" */ = {
			isa = XCConfigurationList;
			buildConfigurations = (
				7F30FB422C57D604008CBA26 /* Debug */,
				7F30FB432C57D604008CBA26 /* Release */,
			);
			defaultConfigurationIsVisible = 0;
			defaultConfigurationName = Release;
		};
		7F30FB442C57D604008CBA26 /* Build configuration list for PBXNativeTarget "GistExplorer" */ = {
			isa = XCConfigurationList;
			buildConfigurations = (
				7F30FB452C57D604008CBA26 /* Debug */,
				7F30FB462C57D604008CBA26 /* Release */,
			);
			defaultConfigurationIsVisible = 0;
			defaultConfigurationName = Release;
		};
		7F30FB472C57D604008CBA26 /* Build configuration list for PBXNativeTarget "GistExplorerTests" */ = {
			isa = XCConfigurationList;
			buildConfigurations = (
				7F30FB482C57D604008CBA26 /* Debug */,
				7F30FB492C57D604008CBA26 /* Release */,
			);
			defaultConfigurationIsVisible = 0;
			defaultConfigurationName = Release;
		};
		7F30FB4A2C57D604008CBA26 /* Build configuration list for PBXNativeTarget "GistExplorerUITests" */ = {
			isa = XCConfigurationList;
			buildConfigurations = (
				7F30FB4B2C57D604008CBA26 /* Debug */,
				7F30FB4C2C57D604008CBA26 /* Release */,
			);
			defaultConfigurationIsVisible = 0;
			defaultConfigurationName = Release;
		};
/* End XCConfigurationList section */

/* Begin XCRemoteSwiftPackageReference section */
		7F1792622C5C3FE5001D48D4 /* XCRemoteSwiftPackageReference "Kingfisher" */ = {
			isa = XCRemoteSwiftPackageReference;
			repositoryURL = "https://github.com/onevcat/Kingfisher.git";
			requirement = {
				kind = upToNextMajorVersion;
				minimumVersion = 7.12.0;
			};
		};
/* End XCRemoteSwiftPackageReference section */

/* Begin XCSwiftPackageProductDependency section */
		7F1792632C5C3FE5001D48D4 /* Kingfisher */ = {
			isa = XCSwiftPackageProductDependency;
			package = 7F1792622C5C3FE5001D48D4 /* XCRemoteSwiftPackageReference "Kingfisher" */;
			productName = Kingfisher;
		};
/* End XCSwiftPackageProductDependency section */
	};
	rootObject = 7F30FB122C57D601008CBA26 /* Project object */;
}
